
Microsoft Visual Studio Solution File, Format Version 12.00
# Visual Studio Version 16
VisualStudioVersion = 16.0.28922.388
MinimumVisualStudioVersion = 10.0.40219.1
Project("{FAE04EC0-301F-11D3-BF4B-00C04F79EFBC}") = "Lab7_Animation", "Lab7_Animation\Lab7_Animation.csproj", "{579C4694-7381-4D37-9DD0-E3BF63B24CCA}"
EndProject
Global
	GlobalSection(SolutionConfigurationPlatforms) = preSolution
		Debug|Any CPU = Debug|Any CPU
		Release|Any CPU = Release|Any CPU
	EndGlobalSection
	GlobalSection(ProjectConfigurationPlatforms) = postSolution
		{579C4694-7381-4D37-9DD0-E3BF63B24CCA}.Debug|Any CPU.ActiveCfg = Debug|Any CPU
		{579C4694-7381-4D37-9DD0-E3BF63B24CCA}.Debug|Any CPU.Build.0 = Debug|Any CPU
		{579C4694-7381-4D37-9DD0-E3BF63B24CCA}.Release|Any CPU.ActiveCfg = Release|Any CPU
		{579C4694-7381-4D37-9DD0-E3BF63B24CCA}.Release|Any CPU.Build.0 = Release|Any CPU
	EndGlobalSection
	GlobalSection(SolutionProperties) = preSolution
		HideSolutionNode = FALSE
	EndGlobalSection
	GlobalSection(ExtensibilityGlobals) = postSolution
		SolutionGuid = {E101D886-15F2-468A-91B7-5F79D4EC593F}
	EndGlobalSection
EndGlobal
